# THIS IS AN AUTOGENERATED FILE. DO NOT EDIT THIS FILE DIRECTLY.
# yarn lockfile v1


"@picovoice/pvspeaker-node@~1.0.0":
  version "1.0.0"
  resolved "https://registry.yarnpkg.com/@picovoice/pvspeaker-node/-/pvspeaker-node-1.0.0.tgz#6b87b86138a8bb256e46ea41cb7d258ff8534337"
  integrity sha512-qhH4ktObGj/Dd7iiptPXqf89U3l7FbCiaB1xY439YE3EFLsfsvZvjAzEwsF5A01h47AbXJTCdAjvkXrcsdt0/w==

commander@^6.1.0:
  version "6.2.1"
  resolved "https://registry.yarnpkg.com/commander/-/commander-6.2.1.tgz#0792eb682dfbc325999bb2b84fddddba110ac73c"
  integrity sha512-U7VdrJFnJgo4xjrHpTzu0yrHPGImdsmD95ZlgYSEajAn2JKzDhDTPG9kBTefmObL2w/ngeZnilk+OV9CG3d7UA==
