# THIS IS AN AUTOGENERATED FILE. DO NOT EDIT THIS FILE DIRECTLY.
# yarn lockfile v1


"@picovoice/pvspeaker-node@~1.0.1":
  version "1.0.1"
  resolved "https://registry.yarnpkg.com/@picovoice/pvspeaker-node/-/pvspeaker-node-1.0.1.tgz#0524c9509a88eb50f3975cbe3c5012058a54619b"
  integrity sha512-4/QBYcp3GZ+2ewq2QuyCn7pnqXdfwj90qbINecKtBsCXKLtl/XHLmXOqgfoy+RBSXmA5wjV/LuOHvqVibrxAuQ==

commander@^6.1.0:
  version "6.2.1"
  resolved "https://registry.yarnpkg.com/commander/-/commander-6.2.1.tgz#0792eb682dfbc325999bb2b84fddddba110ac73c"
  integrity sha512-U7VdrJFnJgo4xjrHpTzu0yrHPGImdsmD95ZlgYSEajAn2JKzDhDTPG9kBTefmObL2w/ngeZnilk+OV9CG3d7UA==
